# This file is autogenerated, do not edit; changes may be undone by the next 'dep ensure'.


[[projects]]
  branch = "master"
  name = "github.com/beevik/ntp"
  packages = ["."]
  revision = "74e5133786235ede462c83c17fa3b34653901719"

[[projects]]
  branch = "master"
  name = "golang.org/x/net"
  packages = ["bpf","internal/iana","internal/socket","ipv4"]
  revision = "66aacef3dd8a676686c7ae3716979581e8b03c47"

[solve-meta]
  analyzer-name = "dep"
  analyzer-version = 1
  inputs-digest = "ac8ffa9bf888b6feb8816115d01ad1159bf3db43a57f5fe17b97f4c334a0fad2"
  solver-name = "gps-cdcl"
  solver-version = 1
